
Microsoft Visual Studio Solution File, Format Version 12.00
# Visual Studio Version 16
VisualStudioVersion = 16.0.31515.178
MinimumVisualStudioVersion = 10.0.40219.1
Project("{FAE04EC0-301F-11D3-BF4B-00C04F79EFBC}") = "zajecia1", "zajecia1\zajecia1.csproj", "{F45E5217-0F9D-4E2D-94B1-E85E5937AC6B}"
EndProject
Global
	GlobalSection(SolutionConfigurationPlatforms) = preSolution
		Debug|Any CPU = Debug|Any CPU
		Release|Any CPU = Release|Any CPU
	EndGlobalSection
	GlobalSection(ProjectConfigurationPlatforms) = postSolution
		{F45E5217-0F9D-4E2D-94B1-E85E5937AC6B}.Debug|Any CPU.ActiveCfg = Debug|Any CPU
		{F45E5217-0F9D-4E2D-94B1-E85E5937AC6B}.Debug|Any CPU.Build.0 = Debug|Any CPU
		{F45E5217-0F9D-4E2D-94B1-E85E5937AC6B}.Release|Any CPU.ActiveCfg = Release|Any CPU
		{F45E5217-0F9D-4E2D-94B1-E85E5937AC6B}.Release|Any CPU.Build.0 = Release|Any CPU
	EndGlobalSection
	GlobalSection(SolutionProperties) = preSolution
		HideSolutionNode = FALSE
	EndGlobalSection
	GlobalSection(ExtensibilityGlobals) = postSolution
		SolutionGuid = {A143AAF2-02F9-4F1A-9B2B-D96D6F2E4491}
	EndGlobalSection
EndGlobal
